
Microsoft Visual Studio Solution File, Format Version 12.00
# Visual Studio Version 17
VisualStudioVersion = 17.8.34408.163
MinimumVisualStudioVersion = 10.0.40219.1
Project("{9A19103F-16F7-4668-BE54-9A1E7A4F7556}") = "MatchManager.API", "MatchManager.API\MatchManager.API.csproj", "{F5A72809-1DA4-44EF-AB41-BF28244975F1}"
EndProject
Project("{2150E333-8FDC-42A3-9474-1A3956D46DE8}") = "src", "src", "{C6FE5425-E1E8-449A-930B-261D73423CAA}"
EndProject
Project("{2150E333-8FDC-42A3-9474-1A3956D46DE8}") = "Application", "Application", "{ADD1B848-F37A-4AB5-8F54-A9EFBDA53FA5}"
EndProject
Project("{2150E333-8FDC-42A3-9474-1A3956D46DE8}") = "Domain", "Domain", "{21EEC8FD-61AC-4754-A33F-769436BAABE4}"
EndProject
Project("{2150E333-8FDC-42A3-9474-1A3956D46DE8}") = "Infrastructure", "Infrastructure", "{356DC337-1281-4347-B8BC-3E655D383DB1}"
EndProject
Project("{2150E333-8FDC-42A3-9474-1A3956D46DE8}") = "Presentation", "Presentation", "{FAAFE990-0673-4C97-B100-7E9198094E09}"
EndProject
Project("{9A19103F-16F7-4668-BE54-9A1E7A4F7556}") = "MatchManager.DTO", "MatchManager.ViewModel\MatchManager.DTO.csproj", "{0D084396-939D-48BC-979C-E2C5D5FFF564}"
EndProject
Project("{9A19103F-16F7-4668-BE54-9A1E7A4F7556}") = "MatchManager.Domain", "MatchManager.Domain\MatchManager.Domain.csproj", "{68E34C03-EC13-411B-9F4E-F0157561602B}"
EndProject
Project("{9A19103F-16F7-4668-BE54-9A1E7A4F7556}") = "MatchManager.Core", "MatchManager.Core\MatchManager.Core.csproj", "{4391DEA1-6ADA-4C1D-85EC-80BC0CE9A61C}"
EndProject
Project("{9A19103F-16F7-4668-BE54-9A1E7A4F7556}") = "MatchManager.Data", "MatchManager.Data\MatchManager.Data.csproj", "{48671B83-31A5-45D9-9A5C-D4529422EA4F}"
EndProject
Project("{9A19103F-16F7-4668-BE54-9A1E7A4F7556}") = "MatchManager.Infrastructure", "MatchManager.Infrastructure\MatchManager.Infrastructure.csproj", "{A8D79640-1A3B-492F-9879-A271F1E87535}"
EndProject
Project("{9A19103F-16F7-4668-BE54-9A1E7A4F7556}") = "MatchManager.Common", "MatchManager.Common\MatchManager.Common.csproj", "{948FB2D4-1FD1-4ECE-B272-BDC6F64E712D}"
EndProject
Project("{9A19103F-16F7-4668-BE54-9A1E7A4F7556}") = "MatchManager.Services", "MatchManager.Services\MatchManager.Services.csproj", "{ECC5E990-DE6F-47BD-8E14-2BD7BCE7AAEB}"
EndProject
Project("{9A19103F-16F7-4668-BE54-9A1E7A4F7556}") = "MatchManager.Web", "MatchManager.Web\MatchManager.Web.csproj", "{26AB425C-266C-48E3-92AF-F262377FB671}"
EndProject
Global
	GlobalSection(SolutionConfigurationPlatforms) = preSolution
		Debug|Any CPU = Debug|Any CPU
		Release|Any CPU = Release|Any CPU
	EndGlobalSection
	GlobalSection(ProjectConfigurationPlatforms) = postSolution
		{F5A72809-1DA4-44EF-AB41-BF28244975F1}.Debug|Any CPU.ActiveCfg = Debug|Any CPU
		{F5A72809-1DA4-44EF-AB41-BF28244975F1}.Debug|Any CPU.Build.0 = Debug|Any CPU
		{F5A72809-1DA4-44EF-AB41-BF28244975F1}.Release|Any CPU.ActiveCfg = Release|Any CPU
		{F5A72809-1DA4-44EF-AB41-BF28244975F1}.Release|Any CPU.Build.0 = Release|Any CPU
		{0D084396-939D-48BC-979C-E2C5D5FFF564}.Debug|Any CPU.ActiveCfg = Debug|Any CPU
		{0D084396-939D-48BC-979C-E2C5D5FFF564}.Debug|Any CPU.Build.0 = Debug|Any CPU
		{0D084396-939D-48BC-979C-E2C5D5FFF564}.Release|Any CPU.ActiveCfg = Release|Any CPU
		{0D084396-939D-48BC-979C-E2C5D5FFF564}.Release|Any CPU.Build.0 = Release|Any CPU
		{68E34C03-EC13-411B-9F4E-F0157561602B}.Debug|Any CPU.ActiveCfg = Debug|Any CPU
		{68E34C03-EC13-411B-9F4E-F0157561602B}.Debug|Any CPU.Build.0 = Debug|Any CPU
		{68E34C03-EC13-411B-9F4E-F0157561602B}.Release|Any CPU.ActiveCfg = Release|Any CPU
		{68E34C03-EC13-411B-9F4E-F0157561602B}.Release|Any CPU.Build.0 = Release|Any CPU
		{4391DEA1-6ADA-4C1D-85EC-80BC0CE9A61C}.Debug|Any CPU.ActiveCfg = Debug|Any CPU
		{4391DEA1-6ADA-4C1D-85EC-80BC0CE9A61C}.Debug|Any CPU.Build.0 = Debug|Any CPU
		{4391DEA1-6ADA-4C1D-85EC-80BC0CE9A61C}.Release|Any CPU.ActiveCfg = Release|Any CPU
		{4391DEA1-6ADA-4C1D-85EC-80BC0CE9A61C}.Release|Any CPU.Build.0 = Release|Any CPU
		{48671B83-31A5-45D9-9A5C-D4529422EA4F}.Debug|Any CPU.ActiveCfg = Debug|Any CPU
		{48671B83-31A5-45D9-9A5C-D4529422EA4F}.Debug|Any CPU.Build.0 = Debug|Any CPU
		{48671B83-31A5-45D9-9A5C-D4529422EA4F}.Release|Any CPU.ActiveCfg = Release|Any CPU
		{48671B83-31A5-45D9-9A5C-D4529422EA4F}.Release|Any CPU.Build.0 = Release|Any CPU
		{A8D79640-1A3B-492F-9879-A271F1E87535}.Debug|Any CPU.ActiveCfg = Debug|Any CPU
		{A8D79640-1A3B-492F-9879-A271F1E87535}.Debug|Any CPU.Build.0 = Debug|Any CPU
		{A8D79640-1A3B-492F-9879-A271F1E87535}.Release|Any CPU.ActiveCfg = Release|Any CPU
		{A8D79640-1A3B-492F-9879-A271F1E87535}.Release|Any CPU.Build.0 = Release|Any CPU
		{948FB2D4-1FD1-4ECE-B272-BDC6F64E712D}.Debug|Any CPU.ActiveCfg = Debug|Any CPU
		{948FB2D4-1FD1-4ECE-B272-BDC6F64E712D}.Debug|Any CPU.Build.0 = Debug|Any CPU
		{948FB2D4-1FD1-4ECE-B272-BDC6F64E712D}.Release|Any CPU.ActiveCfg = Release|Any CPU
		{948FB2D4-1FD1-4ECE-B272-BDC6F64E712D}.Release|Any CPU.Build.0 = Release|Any CPU
		{ECC5E990-DE6F-47BD-8E14-2BD7BCE7AAEB}.Debug|Any CPU.ActiveCfg = Debug|Any CPU
		{ECC5E990-DE6F-47BD-8E14-2BD7BCE7AAEB}.Debug|Any CPU.Build.0 = Debug|Any CPU
		{ECC5E990-DE6F-47BD-8E14-2BD7BCE7AAEB}.Release|Any CPU.ActiveCfg = Release|Any CPU
		{ECC5E990-DE6F-47BD-8E14-2BD7BCE7AAEB}.Release|Any CPU.Build.0 = Release|Any CPU
		{26AB425C-266C-48E3-92AF-F262377FB671}.Debug|Any CPU.ActiveCfg = Debug|Any CPU
		{26AB425C-266C-48E3-92AF-F262377FB671}.Debug|Any CPU.Build.0 = Debug|Any CPU
		{26AB425C-266C-48E3-92AF-F262377FB671}.Release|Any CPU.ActiveCfg = Release|Any CPU
		{26AB425C-266C-48E3-92AF-F262377FB671}.Release|Any CPU.Build.0 = Release|Any CPU
	EndGlobalSection
	GlobalSection(SolutionProperties) = preSolution
		HideSolutionNode = FALSE
	EndGlobalSection
	GlobalSection(NestedProjects) = preSolution
		{F5A72809-1DA4-44EF-AB41-BF28244975F1} = {FAAFE990-0673-4C97-B100-7E9198094E09}
		{ADD1B848-F37A-4AB5-8F54-A9EFBDA53FA5} = {C6FE5425-E1E8-449A-930B-261D73423CAA}
		{21EEC8FD-61AC-4754-A33F-769436BAABE4} = {C6FE5425-E1E8-449A-930B-261D73423CAA}
		{356DC337-1281-4347-B8BC-3E655D383DB1} = {C6FE5425-E1E8-449A-930B-261D73423CAA}
		{FAAFE990-0673-4C97-B100-7E9198094E09} = {C6FE5425-E1E8-449A-930B-261D73423CAA}
		{0D084396-939D-48BC-979C-E2C5D5FFF564} = {ADD1B848-F37A-4AB5-8F54-A9EFBDA53FA5}
		{68E34C03-EC13-411B-9F4E-F0157561602B} = {21EEC8FD-61AC-4754-A33F-769436BAABE4}
		{4391DEA1-6ADA-4C1D-85EC-80BC0CE9A61C} = {ADD1B848-F37A-4AB5-8F54-A9EFBDA53FA5}
		{48671B83-31A5-45D9-9A5C-D4529422EA4F} = {356DC337-1281-4347-B8BC-3E655D383DB1}
		{A8D79640-1A3B-492F-9879-A271F1E87535} = {356DC337-1281-4347-B8BC-3E655D383DB1}
		{948FB2D4-1FD1-4ECE-B272-BDC6F64E712D} = {ADD1B848-F37A-4AB5-8F54-A9EFBDA53FA5}
		{ECC5E990-DE6F-47BD-8E14-2BD7BCE7AAEB} = {356DC337-1281-4347-B8BC-3E655D383DB1}
		{26AB425C-266C-48E3-92AF-F262377FB671} = {FAAFE990-0673-4C97-B100-7E9198094E09}
	EndGlobalSection
	GlobalSection(ExtensibilityGlobals) = postSolution
		SolutionGuid = {1FC0625D-6287-4B73-8FF3-45672ADC3808}
	EndGlobalSection
EndGlobal
